
Microsoft Visual Studio Solution File, Format Version 12.00
# Visual Studio Version 17
VisualStudioVersion = 17.13.35919.96 d17.13
MinimumVisualStudioVersion = 10.0.40219.1
Project("{FAE04EC0-301F-11D3-BF4B-00C04F79EFBC}") = "GoodByeDPI-Manager", "GoodByeDPI-Manager.csproj", "{8855F793-D5B6-4650-8146-51FD3E037F2E}"
EndProject
Global
	GlobalSection(SolutionConfigurationPlatforms) = preSolution
		Debug|Any CPU = Debug|Any CPU
		Release|Any CPU = Release|Any CPU
	EndGlobalSection
	GlobalSection(ProjectConfigurationPlatforms) = postSolution
		{8855F793-D5B6-4650-8146-51FD3E037F2E}.Debug|Any CPU.ActiveCfg = Debug|Any CPU
		{8855F793-D5B6-4650-8146-51FD3E037F2E}.Debug|Any CPU.Build.0 = Debug|Any CPU
		{8855F793-D5B6-4650-8146-51FD3E037F2E}.Release|Any CPU.ActiveCfg = Release|Any CPU
		{8855F793-D5B6-4650-8146-51FD3E037F2E}.Release|Any CPU.Build.0 = Release|Any CPU
	EndGlobalSection
	GlobalSection(SolutionProperties) = preSolution
		HideSolutionNode = FALSE
	EndGlobalSection
	GlobalSection(ExtensibilityGlobals) = postSolution
		SolutionGuid = {23E8F4C2-0CE2-4DD8-AA11-6970946E0F91}
	EndGlobalSection
EndGlobal
